# THIS IS AN AUTOGENERATED FILE. DO NOT EDIT THIS FILE DIRECTLY.
# yarn lockfile v1


"@finos/perspective-viewer@^1.4.0":
  version "1.4.0"
  resolved "https://registry.yarnpkg.com/@finos/perspective-viewer/-/perspective-viewer-1.4.0.tgz#51d9a847d450d09fff5ba9e8ac1bb15759019f82"
  integrity sha512-1yOeYMvYVAg5XYQz5QDaRLygLb4ctDXYVVyAkvi1IwuPq3SBmbuQQaGU8lbWszrKrlKdi42jcXCfBanR1vdrVw==
  dependencies:
    "@finos/perspective" "^1.4.0"
    fflate "^0.7.2"
    mobile-drag-drop-shadow-dom "3.0.0"
    monaco-editor "0.24.0"
  optionalDependencies:
    monaco-editor-webpack-plugin "3.1.0"

"@finos/perspective@^1.4.0":
  version "1.4.0"
  resolved "https://registry.yarnpkg.com/@finos/perspective/-/perspective-1.4.0.tgz#0a7eb25fc8a711ebf74905cb5228a0229298de47"
  integrity sha512-I12CehEq+6VljBNf/cHHgsTbPzYZcoINB/dTAJRcWUmGBMIuOzk4GYsQrNP6ekJj69gqM4C5a2rCeg7gurEN0g==
  dependencies:
    fflate "^0.7.2"
    ws "^6.1.2"

async-limiter@~1.0.0:
  version "1.0.1"
  resolved "https://registry.yarnpkg.com/async-limiter/-/async-limiter-1.0.1.tgz#dd379e94f0db8310b08291f9d64c3209766617fd"
  integrity sha512-csOlWGAcRFJaI6m+F2WKdnMKr4HhdhFVBk0H/QbJFMCr+uO2kwohwXQPxw/9OCxp05r5ghVBFSyioixx3gfkNQ==

big.js@^5.2.2:
  version "5.2.2"
  resolved "https://registry.yarnpkg.com/big.js/-/big.js-5.2.2.tgz#65f0af382f578bcdc742bd9c281e9cb2d7768328"
  integrity sha512-vyL2OymJxmarO8gxMr0mhChsO9QGwhynfuu4+MHTAW6czfq9humCB7rKpUjDd9YUiDPU4mzpyupFSvOClAwbmQ==

emojis-list@^3.0.0:
  version "3.0.0"
  resolved "https://registry.yarnpkg.com/emojis-list/-/emojis-list-3.0.0.tgz#5570662046ad29e2e916e71aae260abdff4f6a78"
  integrity sha512-/kyM18EfinwXZbno9FyUGeFh87KC8HRQBQGildHZbEuRyWFOmv1U10o9BBp8XVZDVNNuQKyIGIu5ZYAAXJ0V2Q==

fflate@^0.7.2:
  version "0.7.3"
  resolved "https://registry.yarnpkg.com/fflate/-/fflate-0.7.3.tgz#288b034ff0e9c380eaa2feff48c787b8371b7fa5"
  integrity sha512-0Zz1jOzJWERhyhsimS54VTqOteCNwRtIlh8isdL0AXLo0g7xNTfTL7oWrkmCnPhZGocKIkWHBistBrrpoNH3aw==

json5@^2.1.2:
  version "2.2.1"
  resolved "https://registry.yarnpkg.com/json5/-/json5-2.2.1.tgz#655d50ed1e6f95ad1a3caababd2b0efda10b395c"
  integrity sha512-1hqLFMSrGHRHxav9q9gNjJ5EXznIxGVO09xQRrwplcS8qs28pZ8s8hupZAmqDwZUmVZ2Qb2jnyPOWcDH8m8dlA==

loader-utils@^2.0.0:
  version "2.0.2"
  resolved "https://registry.yarnpkg.com/loader-utils/-/loader-utils-2.0.2.tgz#d6e3b4fb81870721ae4e0868ab11dd638368c129"
  integrity sha512-TM57VeHptv569d/GKh6TAYdzKblwDNiumOdkFnejjD0XwTH87K90w3O7AiJRqdQoXygvi1VQTJTLGhJl7WqA7A==
  dependencies:
    big.js "^5.2.2"
    emojis-list "^3.0.0"
    json5 "^2.1.2"

mobile-drag-drop-shadow-dom@3.0.0:
  version "3.0.0"
  resolved "https://registry.yarnpkg.com/mobile-drag-drop-shadow-dom/-/mobile-drag-drop-shadow-dom-3.0.0.tgz#f91014af66a0331338d4dfef30ecc5ddcb5a0687"
  integrity sha512-cNDH83lfYhllESH+ddjyxXdnjunLec0ldnygm3nWY1zMtfeA1tHoVsAasZy63QhnRuN4ps0pGuL8TolUK/sYjA==

monaco-editor-webpack-plugin@3.1.0:
  version "3.1.0"
  resolved "https://registry.yarnpkg.com/monaco-editor-webpack-plugin/-/monaco-editor-webpack-plugin-3.1.0.tgz#972efc47a91b3bf3bd977885684a3180eb8f341b"
  integrity sha512-TP5NkCAV0OeFTry5k/d60KR7CkhTXL4kgJKtE3BzjgbDb5TGEPEhoKmHBrSa6r7Oc0sNbPLZhKD/TP2ig7A+/A==
  dependencies:
    loader-utils "^2.0.0"

monaco-editor@0.24.0:
  version "0.24.0"
  resolved "https://registry.yarnpkg.com/monaco-editor/-/monaco-editor-0.24.0.tgz#990b55096bcc95d08d8d28e55264c6eb17707269"
  integrity sha512-o1f0Lz6ABFNTtnEqqqvlY9qzNx24rQZx1RgYNQ8SkWkE+Ka63keHH/RqxQ4QhN4fs/UYOnvAtEUZsPrzccH++A==

ws@^6.1.2:
  version "6.2.2"
  resolved "https://registry.yarnpkg.com/ws/-/ws-6.2.2.tgz#dd5cdbd57a9979916097652d78f1cc5faea0c32e"
  integrity sha512-zmhltoSR8u1cnDsD43TX59mzoMZsLKqUweyYBAIvTngR3shc0W6aOZylZmq/7hqyVxPdi+5Ud2QInblgyE72fw==
  dependencies:
    async-limiter "~1.0.0"
